// !$*UTF8*$!
{
	archiveVersion = 1;
	classes = {
	};
	objectVersion = 46;
	objects = {

/* Begin PBXBuildFile section */
		1451D4C41C5213A600A8EBC9 /* main.m in Sources */ = {isa = PBXBuildFile; fileRef = 1451D4C31C5213A600A8EBC9 /* main.m */; };
		1451D4C71C5213A600A8EBC9 /* AppDelegate.m in Sources */ = {isa = PBXBuildFile; fileRef = 1451D4C61C5213A600A8EBC9 /* AppDelegate.m */; };
		1451D4CA1C5213A600A8EBC9 /* ViewController.m in Sources */ = {isa = PBXBuildFile; fileRef = 1451D4C91C5213A600A8EBC9 /* ViewController.m */; };
		1451D4CD1C5213A600A8EBC9 /* Main.storyboard in Resources */ = {isa = PBXBuildFile; fileRef = 1451D4CB1C5213A600A8EBC9 /* Main.storyboard */; };
		1451D4CF1C5213A600A8EBC9 /* Assets.xcassets in Resources */ = {isa = PBXBuildFile; fileRef = 1451D4CE1C5213A600A8EBC9 /* Assets.xcassets */; };
		1451D4D21C5213A600A8EBC9 /* LaunchScreen.storyboard in Resources */ = {isa = PBXBuildFile; fileRef = 1451D4D01C5213A600A8EBC9 /* LaunchScreen.storyboard */; };
		1451D4E91C5213C100A8EBC9 /* BYNavListView.m in Sources */ = {isa = PBXBuildFile; fileRef = 1451D4DB1C5213C100A8EBC9 /* BYNavListView.m */; };
		1451D4EA1C5213C100A8EBC9 /* BYNavTListCell.m in Sources */ = {isa = PBXBuildFile; fileRef = 1451D4DD1C5213C100A8EBC9 /* BYNavTListCell.m */; };
		1451D4EB1C5213C100A8EBC9 /* BYNavTListCell.xib in Resources */ = {isa = PBXBuildFile; fileRef = 1451D4DE1C5213C100A8EBC9 /* BYNavTListCell.xib */; };
		1451D4EC1C5213C100A8EBC9 /* icon_duigou.png in Resources */ = {isa = PBXBuildFile; fileRef = 1451D4E01C5213C100A8EBC9 /* icon_duigou.png */; };
		1451D4ED1C5213C100A8EBC9 /* icon_duigou@2x.png in Resources */ = {isa = PBXBuildFile; fileRef = 1451D4E11C5213C100A8EBC9 /* icon_duigou@2x.png */; };
		1451D4EE1C5213C100A8EBC9 /* icon_duigou@3x.png in Resources */ = {isa = PBXBuildFile; fileRef = 1451D4E21C5213C100A8EBC9 /* icon_duigou@3x.png */; };
		1451D4EF1C5213C100A8EBC9 /* nav_drop_black.png in Resources */ = {isa = PBXBuildFile; fileRef = 1451D4E31C5213C100A8EBC9 /* nav_drop_black.png */; };
		1451D4F01C5213C100A8EBC9 /* nav_drop_black@2x.png in Resources */ = {isa = PBXBuildFile; fileRef = 1451D4E41C5213C100A8EBC9 /* nav_drop_black@2x.png */; };
		1451D4F11C5213C100A8EBC9 /* nav_drop_black@3x.png in Resources */ = {isa = PBXBuildFile; fileRef = 1451D4E51C5213C100A8EBC9 /* nav_drop_black@3x.png */; };
		1451D4F21C5213C100A8EBC9 /* nav_drop_white.png in Resources */ = {isa = PBXBuildFile; fileRef = 1451D4E61C5213C100A8EBC9 /* nav_drop_white.png */; };
		1451D4F31C5213C100A8EBC9 /* nav_drop_white@2x.png in Resources */ = {isa = PBXBuildFile; fileRef = 1451D4E71C5213C100A8EBC9 /* nav_drop_white@2x.png */; };
		1451D4F41C5213C100A8EBC9 /* nav_drop_white@3x.png in Resources */ = {isa = PBXBuildFile; fileRef = 1451D4E81C5213C100A8EBC9 /* nav_drop_white@3x.png */; };
		146D6EF31C57536C00C2B9B8 /* 1.png in Resources */ = {isa = PBXBuildFile; fileRef = 146D6EF11C57536C00C2B9B8 /* 1.png */; };
		146D6EF41C57536C00C2B9B8 /* 2.png in Resources */ = {isa = PBXBuildFile; fileRef = 146D6EF21C57536C00C2B9B8 /* 2.png */; };
/* End PBXBuildFile section */

/* Begin PBXFileReference section */
		1451D4BF1C5213A500A8EBC9 /* BYNavListView.app */ = {isa = PBXFileReference; explicitFileType = wrapper.application; includeInIndex = 0; path = BYNavListView.app; sourceTree = BUILT_PRODUCTS_DIR; };
		1451D4C31C5213A600A8EBC9 /* main.m */ = {isa = PBXFileReference; lastKnownFileType = sourcecode.c.objc; path = main.m; sourceTree = "<group>"; };
		1451D4C51C5213A600A8EBC9 /* AppDelegate.h */ = {isa = PBXFileReference; lastKnownFileType = sourcecode.c.h; path = AppDelegate.h; sourceTree = "<group>"; };
		1451D4C61C5213A600A8EBC9 /* AppDelegate.m */ = {isa = PBXFileReference; lastKnownFileType = sourcecode.c.objc; path = AppDelegate.m; sourceTree = "<group>"; };
		1451D4C81C5213A600A8EBC9 /* ViewController.h */ = {isa = PBXFileReference; lastKnownFileType = sourcecode.c.h; path = ViewController.h; sourceTree = "<group>"; };
		1451D4C91C5213A600A8EBC9 /* ViewController.m */ = {isa = PBXFileReference; lastKnownFileType = sourcecode.c.objc; path = ViewController.m; sourceTree = "<group>"; };
		1451D4CC1C5213A600A8EBC9 /* Base */ = {isa = PBXFileReference; lastKnownFileType = file.storyboard; name = Base; path = Base.lproj/Main.storyboard; sourceTree = "<group>"; };
		1451D4CE1C5213A600A8EBC9 /* Assets.xcassets */ = {isa = PBXFileReference; lastKnownFileType = folder.assetcatalog; path = Assets.xcassets; sourceTree = "<group>"; };
		1451D4D11C5213A600A8EBC9 /* Base */ = {isa = PBXFileReference; lastKnownFileType = file.storyboard; name = Base; path = Base.lproj/LaunchScreen.storyboard; sourceTree = "<group>"; };
		1451D4D31C5213A600A8EBC9 /* Info.plist */ = {isa = PBXFileReference; lastKnownFileType = text.plist.xml; path = Info.plist; sourceTree = "<group>"; };
		1451D4DA1C5213C100A8EBC9 /* BYNavListView.h */ = {isa = PBXFileReference; fileEncoding = 4; lastKnownFileType = sourcecode.c.h; path = BYNavListView.h; sourceTree = "<group>"; };
		1451D4DB1C5213C100A8EBC9 /* BYNavListView.m */ = {isa = PBXFileReference; fileEncoding = 4; lastKnownFileType = sourcecode.c.objc; path = BYNavListView.m; sourceTree = "<group>"; };
		1451D4DC1C5213C100A8EBC9 /* BYNavTListCell.h */ = {isa = PBXFileReference; fileEncoding = 4; lastKnownFileType = sourcecode.c.h; path = BYNavTListCell.h; sourceTree = "<group>"; };
		1451D4DD1C5213C100A8EBC9 /* BYNavTListCell.m */ = {isa = PBXFileReference; fileEncoding = 4; lastKnownFileType = sourcecode.c.objc; path = BYNavTListCell.m; sourceTree = "<group>"; };
		1451D4DE1C5213C100A8EBC9 /* BYNavTListCell.xib */ = {isa = PBXFileReference; fileEncoding = 4; lastKnownFileType = file.xib; path = BYNavTListCell.xib; sourceTree = "<group>"; };
		1451D4E01C5213C100A8EBC9 /* icon_duigou.png */ = {isa = PBXFileReference; lastKnownFileType = image.png; path = icon_duigou.png; sourceTree = "<group>"; };
		1451D4E11C5213C100A8EBC9 /* icon_duigou@2x.png */ = {isa = PBXFileReference; lastKnownFileType = image.png; path = "icon_duigou@2x.png"; sourceTree = "<group>"; };
		1451D4E21C5213C100A8EBC9 /* icon_duigou@3x.png */ = {isa = PBXFileReference; lastKnownFileType = image.png; path = "icon_duigou@3x.png"; sourceTree = "<group>"; };
		1451D4E31C5213C100A8EBC9 /* nav_drop_black.png */ = {isa = PBXFileReference; lastKnownFileType = image.png; path = nav_drop_black.png; sourceTree = "<group>"; };
		1451D4E41C5213C100A8EBC9 /* nav_drop_black@2x.png */ = {isa = PBXFileReference; lastKnownFileType = image.png; path = "nav_drop_black@2x.png"; sourceTree = "<group>"; };
		1451D4E51C5213C100A8EBC9 /* nav_drop_black@3x.png */ = {isa = PBXFileReference; lastKnownFileType = image.png; path = "nav_drop_black@3x.png"; sourceTree = "<group>"; };
		1451D4E61C5213C100A8EBC9 /* nav_drop_white.png */ = {isa = PBXFileReference; lastKnownFileType = image.png; path = nav_drop_white.png; sourceTree = "<group>"; };
		1451D4E71C5213C100A8EBC9 /* nav_drop_white@2x.png */ = {isa = PBXFileReference; lastKnownFileType = image.png; path = "nav_drop_white@2x.png"; sourceTree = "<group>"; };
		1451D4E81C5213C100A8EBC9 /* nav_drop_white@3x.png */ = {isa = PBXFileReference; lastKnownFileType = image.png; path = "nav_drop_white@3x.png"; sourceTree = "<group>"; };
		146D6EF11C57536C00C2B9B8 /* 1.png */ = {isa = PBXFileReference; lastKnownFileType = image.png; path = 1.png; sourceTree = "<group>"; };
		146D6EF21C57536C00C2B9B8 /* 2.png */ = {isa = PBXFileReference; lastKnownFileType = image.png; path = 2.png; sourceTree = "<group>"; };
/* End PBXFileReference section */

/* Begin PBXFrameworksBuildPhase section */
		1451D4BC1C5213A500A8EBC9 /* Frameworks */ = {
			isa = PBXFrameworksBuildPhase;
			buildActionMask = 2147483647;
			files = (
			);
			runOnlyForDeploymentPostprocessing = 0;
		};
/* End PBXFrameworksBuildPhase section */

/* Begin PBXGroup section */
		1451D4B61C5213A500A8EBC9 = {
			isa = PBXGroup;
			children = (
				146D6EF11C57536C00C2B9B8 /* 1.png */,
				146D6EF21C57536C00C2B9B8 /* 2.png */,
				1451D4D91C5213C100A8EBC9 /* 导航条列表 */,
				1451D4C11C5213A600A8EBC9 /* BYNavListView */,
				1451D4C01C5213A600A8EBC9 /* Products */,
			);
			sourceTree = "<group>";
		};
		1451D4C01C5213A600A8EBC9 /* Products */ = {
			isa = PBXGroup;
			children = (
				1451D4BF1C5213A500A8EBC9 /* BYNavListView.app */,
			);
			name = Products;
			sourceTree = "<group>";
		};
		1451D4C11C5213A600A8EBC9 /* BYNavListView */ = {
			isa = PBXGroup;
			children = (
				1451D4C51C5213A600A8EBC9 /* AppDelegate.h */,
				1451D4C61C5213A600A8EBC9 /* AppDelegate.m */,
				1451D4C81C5213A600A8EBC9 /* ViewController.h */,
				1451D4C91C5213A600A8EBC9 /* ViewController.m */,
				1451D4CB1C5213A600A8EBC9 /* Main.storyboard */,
				1451D4CE1C5213A600A8EBC9 /* Assets.xcassets */,
				1451D4D01C5213A600A8EBC9 /* LaunchScreen.storyboard */,
				1451D4D31C5213A600A8EBC9 /* Info.plist */,
				1451D4C21C5213A600A8EBC9 /* Supporting Files */,
			);
			path = BYNavListView;
			sourceTree = "<group>";
		};
		1451D4C21C5213A600A8EBC9 /* Supporting Files */ = {
			isa = PBXGroup;
			children = (
				1451D4C31C5213A600A8EBC9 /* main.m */,
			);
			name = "Supporting Files";
			sourceTree = "<group>";
		};
		1451D4D91C5213C100A8EBC9 /* 导航条列表 */ = {
			isa = PBXGroup;
			children = (
				1451D4DF1C5213C100A8EBC9 /* resources */,
				1451D4DA1C5213C100A8EBC9 /* BYNavListView.h */,
				1451D4DB1C5213C100A8EBC9 /* BYNavListView.m */,
				1451D4DC1C5213C100A8EBC9 /* BYNavTListCell.h */,
				1451D4DD1C5213C100A8EBC9 /* BYNavTListCell.m */,
				1451D4DE1C5213C100A8EBC9 /* BYNavTListCell.xib */,
			);
			path = "导航条列表";
			sourceTree = "<group>";
		};
		1451D4DF1C5213C100A8EBC9 /* resources */ = {
			isa = PBXGroup;
			children = (
				1451D4E01C5213C100A8EBC9 /* icon_duigou.png */,
				1451D4E11C5213C100A8EBC9 /* icon_duigou@2x.png */,
				1451D4E21C5213C100A8EBC9 /* icon_duigou@3x.png */,
				1451D4E31C5213C100A8EBC9 /* nav_drop_black.png */,
				1451D4E41C5213C100A8EBC9 /* nav_drop_black@2x.png */,
				1451D4E51C5213C100A8EBC9 /* nav_drop_black@3x.png */,
				1451D4E61C5213C100A8EBC9 /* nav_drop_white.png */,
				1451D4E71C5213C100A8EBC9 /* nav_drop_white@2x.png */,
				1451D4E81C5213C100A8EBC9 /* nav_drop_white@3x.png */,
			);
			path = resources;
			sourceTree = "<group>";
		};
/* End PBXGroup section */

/* Begin PBXNativeTarget section */
		1451D4BE1C5213A500A8EBC9 /* BYNavListView */ = {
			isa = PBXNativeTarget;
			buildConfigurationList = 1451D4D61C5213A600A8EBC9 /* Build configuration list for PBXNativeTarget "BYNavListView" */;
			buildPhases = (
				1451D4BB1C5213A500A8EBC9 /* Sources */,
				1451D4BC1C5213A500A8EBC9 /* Frameworks */,
				1451D4BD1C5213A500A8EBC9 /* Resources */,
			);
			buildRules = (
			);
			dependencies = (
			);
			name = BYNavListView;
			productName = BYNavListView;
			productReference = 1451D4BF1C5213A500A8EBC9 /* BYNavListView.app */;
			productType = "com.apple.product-type.application";
		};
/* End PBXNativeTarget section */

/* Begin PBXProject section */
		1451D4B71C5213A500A8EBC9 /* Project object */ = {
			isa = PBXProject;
			attributes = {
				LastUpgradeCheck = 0720;
				ORGANIZATIONNAME = Super;
				TargetAttributes = {
					1451D4BE1C5213A500A8EBC9 = {
						CreatedOnToolsVersion = 7.2;
					};
				};
			};
			buildConfigurationList = 1451D4BA1C5213A500A8EBC9 /* Build configuration list for PBXProject "BYNavListView" */;
			compatibilityVersion = "Xcode 3.2";
			developmentRegion = English;
			hasScannedForEncodings = 0;
			knownRegions = (
				en,
				Base,
			);
			mainGroup = 1451D4B61C5213A500A8EBC9;
			productRefGroup = 1451D4C01C5213A600A8EBC9 /* Products */;
			projectDirPath = "";
			projectRoot = "";
			targets = (
				1451D4BE1C5213A500A8EBC9 /* BYNavListView */,
			);
		};
/* End PBXProject section */

/* Begin PBXResourcesBuildPhase section */
		1451D4BD1C5213A500A8EBC9 /* Resources */ = {
			isa = PBXResourcesBuildPhase;
			buildActionMask = 2147483647;
			files = (
				1451D4D21C5213A600A8EBC9 /* LaunchScreen.storyboard in Resources */,
				1451D4EC1C5213C100A8EBC9 /* icon_duigou.png in Resources */,
				1451D4EF1C5213C100A8EBC9 /* nav_drop_black.png in Resources */,
				1451D4CF1C5213A600A8EBC9 /* Assets.xcassets in Resources */,
				1451D4CD1C5213A600A8EBC9 /* Main.storyboard in Resources */,
				1451D4F01C5213C100A8EBC9 /* nav_drop_black@2x.png in Resources */,
				1451D4F11C5213C100A8EBC9 /* nav_drop_black@3x.png in Resources */,
				1451D4F31C5213C100A8EBC9 /* nav_drop_white@2x.png in Resources */,
				1451D4ED1C5213C100A8EBC9 /* icon_duigou@2x.png in Resources */,
				1451D4F41C5213C100A8EBC9 /* nav_drop_white@3x.png in Resources */,
				1451D4EE1C5213C100A8EBC9 /* icon_duigou@3x.png in Resources */,
				1451D4F21C5213C100A8EBC9 /* nav_drop_white.png in Resources */,
				146D6EF41C57536C00C2B9B8 /* 2.png in Resources */,
				1451D4EB1C5213C100A8EBC9 /* BYNavTListCell.xib in Resources */,
				146D6EF31C57536C00C2B9B8 /* 1.png in Resources */,
			);
			runOnlyForDeploymentPostprocessing = 0;
		};
/* End PBXResourcesBuildPhase section */

/* Begin PBXSourcesBuildPhase section */
		1451D4BB1C5213A500A8EBC9 /* Sources */ = {
			isa = PBXSourcesBuildPhase;
			buildActionMask = 2147483647;
			files = (
				1451D4CA1C5213A600A8EBC9 /* ViewController.m in Sources */,
				1451D4EA1C5213C100A8EBC9 /* BYNavTListCell.m in Sources */,
				1451D4E91C5213C100A8EBC9 /* BYNavListView.m in Sources */,
				1451D4C71C5213A600A8EBC9 /* AppDelegate.m in Sources */,
				1451D4C41C5213A600A8EBC9 /* main.m in Sources */,
			);
			runOnlyForDeploymentPostprocessing = 0;
		};
/* End PBXSourcesBuildPhase section */

/* Begin PBXVariantGroup section */
		1451D4CB1C5213A600A8EBC9 /* Main.storyboard */ = {
			isa = PBXVariantGroup;
			children = (
				1451D4CC1C5213A600A8EBC9 /* Base */,
			);
			name = Main.storyboard;
			sourceTree = "<group>";
		};
		1451D4D01C5213A600A8EBC9 /* LaunchScreen.storyboard */ = {
			isa = PBXVariantGroup;
			children = (
				1451D4D11C5213A600A8EBC9 /* Base */,
			);
			name = LaunchScreen.storyboard;
			sourceTree = "<group>";
		};
/* End PBXVariantGroup section */

/* Begin XCBuildConfiguration section */
		1451D4D41C5213A600A8EBC9 /* Debug */ = {
			isa = XCBuildConfiguration;
			buildSettings = {
				ALWAYS_SEARCH_USER_PATHS = NO;
				CLANG_CXX_LANGUAGE_STANDARD = "gnu++0x";
				CLANG_CXX_LIBRARY = "libc++";
				CLANG_ENABLE_MODULES = YES;
				CLANG_ENABLE_OBJC_ARC = YES;
				CLANG_WARN_BOOL_CONVERSION = YES;
				CLANG_WARN_CONSTANT_CONVERSION = YES;
				CLANG_WARN_DIRECT_OBJC_ISA_USAGE = YES_ERROR;
				CLANG_WARN_EMPTY_BODY = YES;
				CLANG_WARN_ENUM_CONVERSION = YES;
				CLANG_WARN_INT_CONVERSION = YES;
				CLANG_WARN_OBJC_ROOT_CLASS = YES_ERROR;
				CLANG_WARN_UNREACHABLE_CODE = YES;
				CLANG_WARN__DUPLICATE_METHOD_MATCH = YES;
				"CODE_SIGN_IDENTITY[sdk=iphoneos*]" = "iPhone Developer";
				COPY_PHASE_STRIP = NO;
				DEBUG_INFORMATION_FORMAT = dwarf;
				ENABLE_STRICT_OBJC_MSGSEND = YES;
				ENABLE_TESTABILITY = YES;
				GCC_C_LANGUAGE_STANDARD = gnu99;
				GCC_DYNAMIC_NO_PIC = NO;
				GCC_NO_COMMON_BLOCKS = YES;
				GCC_OPTIMIZATION_LEVEL = 0;
				GCC_PREPROCESSOR_DEFINITIONS = (
					"DEBUG=1",
					"$(inherited)",
				);
				GCC_WARN_64_TO_32_BIT_CONVERSION = YES;
				GCC_WARN_ABOUT_RETURN_TYPE = YES_ERROR;
				GCC_WARN_UNDECLARED_SELECTOR = YES;
				GCC_WARN_UNINITIALIZED_AUTOS = YES_AGGRESSIVE;
				GCC_WARN_UNUSED_FUNCTION = YES;
				GCC_WARN_UNUSED_VARIABLE = YES;
				IPHONEOS_DEPLOYMENT_TARGET = 9.2;
				MTL_ENABLE_DEBUG_INFO = YES;
				ONLY_ACTIVE_ARCH = YES;
				SDKROOT = iphoneos;
				TARGETED_DEVICE_FAMILY = "1,2";
			};
			name = Debug;
		};
		1451D4D51C5213A600A8EBC9 /* Release */ = {
			isa = XCBuildConfiguration;
			buildSettings = {
				ALWAYS_SEARCH_USER_PATHS = NO;
				CLANG_CXX_LANGUAGE_STANDARD = "gnu++0x";
				CLANG_CXX_LIBRARY = "libc++";
				CLANG_ENABLE_MODULES = YES;
				CLANG_ENABLE_OBJC_ARC = YES;
				CLANG_WARN_BOOL_CONVERSION = YES;
				CLANG_WARN_CONSTANT_CONVERSION = YES;
				CLANG_WARN_DIRECT_OBJC_ISA_USAGE = YES_ERROR;
				CLANG_WARN_EMPTY_BODY = YES;
				CLANG_WARN_ENUM_CONVERSION = YES;
				CLANG_WARN_INT_CONVERSION = YES;
				CLANG_WARN_OBJC_ROOT_CLASS = YES_ERROR;
				CLANG_WARN_UNREACHABLE_CODE = YES;
				CLANG_WARN__DUPLICATE_METHOD_MATCH = YES;
				"CODE_SIGN_IDENTITY[sdk=iphoneos*]" = "iPhone Developer";
				COPY_PHASE_STRIP = NO;
				DEBUG_INFORMATION_FORMAT = "dwarf-with-dsym";
				ENABLE_NS_ASSERTIONS = NO;
				ENABLE_STRICT_OBJC_MSGSEND = YES;
				GCC_C_LANGUAGE_STANDARD = gnu99;
				GCC_NO_COMMON_BLOCKS = YES;
				GCC_WARN_64_TO_32_BIT_CONVERSION = YES;
				GCC_WARN_ABOUT_RETURN_TYPE = YES_ERROR;
				GCC_WARN_UNDECLARED_SELECTOR = YES;
				GCC_WARN_UNINITIALIZED_AUTOS = YES_AGGRESSIVE;
				GCC_WARN_UNUSED_FUNCTION = YES;
				GCC_WARN_UNUSED_VARIABLE = YES;
				IPHONEOS_DEPLOYMENT_TARGET = 9.2;
				MTL_ENABLE_DEBUG_INFO = NO;
				SDKROOT = iphoneos;
				TARGETED_DEVICE_FAMILY = "1,2";
				VALIDATE_PRODUCT = YES;
			};
			name = Release;
		};
		1451D4D71C5213A600A8EBC9 /* Debug */ = {
			isa = XCBuildConfiguration;
			buildSettings = {
				ASSETCATALOG_COMPILER_APPICON_NAME = AppIcon;
				INFOPLIST_FILE = BYNavListView/Info.plist;
				LD_RUNPATH_SEARCH_PATHS = "$(inherited) @executable_path/Frameworks";
				PRODUCT_BUNDLE_IDENTIFIER = com.yongWindow.BYNavListView;
				PRODUCT_NAME = "$(TARGET_NAME)";
			};
			name = Debug;
		};
		1451D4D81C5213A600A8EBC9 /* Release */ = {
			isa = XCBuildConfiguration;
			buildSettings = {
				ASSETCATALOG_COMPILER_APPICON_NAME = AppIcon;
				INFOPLIST_FILE = BYNavListView/Info.plist;
				LD_RUNPATH_SEARCH_PATHS = "$(inherited) @executable_path/Frameworks";
				PRODUCT_BUNDLE_IDENTIFIER = com.yongWindow.BYNavListView;
				PRODUCT_NAME = "$(TARGET_NAME)";
			};
			name = Release;
		};
/* End XCBuildConfiguration section */

/* Begin XCConfigurationList section */
		1451D4BA1C5213A500A8EBC9 /* Build configuration list for PBXProject "BYNavListView" */ = {
			isa = XCConfigurationList;
			buildConfigurations = (
				1451D4D41C5213A600A8EBC9 /* Debug */,
				1451D4D51C5213A600A8EBC9 /* Release */,
			);
			defaultConfigurationIsVisible = 0;
			defaultConfigurationName = Release;
		};
		1451D4D61C5213A600A8EBC9 /* Build configuration list for PBXNativeTarget "BYNavListView" */ = {
			isa = XCConfigurationList;
			buildConfigurations = (
				1451D4D71C5213A600A8EBC9 /* Debug */,
				1451D4D81C5213A600A8EBC9 /* Release */,
			);
			defaultConfigurationIsVisible = 0;
			defaultConfigurationName = Release;
		};
/* End XCConfigurationList section */
	};
	rootObject = 1451D4B71C5213A500A8EBC9 /* Project object */;
}
